{
  "name": "first-app",
  "lockfileVersion": 2,
  "requires": true,
  "packages": {
    "": {
      "dependencies": {
        "lion-lib-21996": "^1.0.0"
      }
    },
    "node_modules/lion-lib-21996": {
      "version": "1.0.0",
      "resolved": "https://registry.npmjs.org/lion-lib-21996/-/lion-lib-21996-1.0.0.tgz",
      "integrity": "sha512-ltIxOMB3Y1r0cFzPNZY/f86fRXPQDFUdByGInEIfL5e6ZG2ExM36r+KzJuj0bsr4TRqMF8iVk3faECkBVQ6KdQ=="
    }
  },
  "dependencies": {
    "lion-lib-21996": {
      "version": "1.0.0",
      "resolved": "https://registry.npmjs.org/lion-lib-21996/-/lion-lib-21996-1.0.0.tgz",
      "integrity": "sha512-ltIxOMB3Y1r0cFzPNZY/f86fRXPQDFUdByGInEIfL5e6ZG2ExM36r+KzJuj0bsr4TRqMF8iVk3faECkBVQ6KdQ=="
    }
  }
}
